// !$*UTF8*$!
{
	archiveVersion = 1;
	classes = {
	};
	objectVersion = 50;
	objects = {

/* Begin PBXBuildFile section */
		187197DF26D6B10500A25F8E /* README.md in Resources */ = {isa = PBXBuildFile; fileRef = 187197DE26D6B10500A25F8E /* README.md */; };
		187197E526D6B16400A25F8E /* IMG_20210825_115916_1.jpg in Resources */ = {isa = PBXBuildFile; fileRef = 187197E126D6B16400A25F8E /* IMG_20210825_115916_1.jpg */; };
		187197E626D6B16400A25F8E /* IMG_20210825_115910_1.jpg in Resources */ = {isa = PBXBuildFile; fileRef = 187197E226D6B16400A25F8E /* IMG_20210825_115910_1.jpg */; };
		187197E726D6B16400A25F8E /* IMG_20210825_115919.jpg in Resources */ = {isa = PBXBuildFile; fileRef = 187197E326D6B16400A25F8E /* IMG_20210825_115919.jpg */; };
		187197E826D6B16400A25F8E /* IMG_20210825_115908_1.jpg in Resources */ = {isa = PBXBuildFile; fileRef = 187197E426D6B16400A25F8E /* IMG_20210825_115908_1.jpg */; };
		1898762A26CFFCDC00713CF2 /* AppDelegate.swift in Sources */ = {isa = PBXBuildFile; fileRef = 1898762926CFFCDC00713CF2 /* AppDelegate.swift */; };
		1898762C26CFFCDC00713CF2 /* art.scnassets in Resources */ = {isa = PBXBuildFile; fileRef = 1898762B26CFFCDC00713CF2 /* art.scnassets */; };
		1898762E26CFFCDC00713CF2 /* ViewController.swift in Sources */ = {isa = PBXBuildFile; fileRef = 1898762D26CFFCDC00713CF2 /* ViewController.swift */; };
		1898763126CFFCDC00713CF2 /* Main.storyboard in Resources */ = {isa = PBXBuildFile; fileRef = 1898762F26CFFCDC00713CF2 /* Main.storyboard */; };
		1898763326CFFCDD00713CF2 /* Assets.xcassets in Resources */ = {isa = PBXBuildFile; fileRef = 1898763226CFFCDD00713CF2 /* Assets.xcassets */; };
		1898763626CFFCDD00713CF2 /* LaunchScreen.storyboard in Resources */ = {isa = PBXBuildFile; fileRef = 1898763426CFFCDD00713CF2 /* LaunchScreen.storyboard */; };
/* End PBXBuildFile section */

/* Begin PBXFileReference section */
		187197DE26D6B10500A25F8E /* README.md */ = {isa = PBXFileReference; fileEncoding = 4; lastKnownFileType = net.daringfireball.markdown; path = README.md; sourceTree = "<group>"; };
		187197E126D6B16400A25F8E /* IMG_20210825_115916_1.jpg */ = {isa = PBXFileReference; lastKnownFileType = image.jpeg; path = IMG_20210825_115916_1.jpg; sourceTree = "<group>"; };
		187197E226D6B16400A25F8E /* IMG_20210825_115910_1.jpg */ = {isa = PBXFileReference; lastKnownFileType = image.jpeg; path = IMG_20210825_115910_1.jpg; sourceTree = "<group>"; };
		187197E326D6B16400A25F8E /* IMG_20210825_115919.jpg */ = {isa = PBXFileReference; lastKnownFileType = image.jpeg; path = IMG_20210825_115919.jpg; sourceTree = "<group>"; };
		187197E426D6B16400A25F8E /* IMG_20210825_115908_1.jpg */ = {isa = PBXFileReference; lastKnownFileType = image.jpeg; path = IMG_20210825_115908_1.jpg; sourceTree = "<group>"; };
		1898762626CFFCDC00713CF2 /* AR-3D-Dicee-Example-Swift-IOS.app */ = {isa = PBXFileReference; explicitFileType = wrapper.application; includeInIndex = 0; path = "AR-3D-Dicee-Example-Swift-IOS.app"; sourceTree = BUILT_PRODUCTS_DIR; };
		1898762926CFFCDC00713CF2 /* AppDelegate.swift */ = {isa = PBXFileReference; lastKnownFileType = sourcecode.swift; path = AppDelegate.swift; sourceTree = "<group>"; };
		1898762B26CFFCDC00713CF2 /* art.scnassets */ = {isa = PBXFileReference; lastKnownFileType = wrapper.scnassets; path = art.scnassets; sourceTree = "<group>"; };
		1898762D26CFFCDC00713CF2 /* ViewController.swift */ = {isa = PBXFileReference; lastKnownFileType = sourcecode.swift; path = ViewController.swift; sourceTree = "<group>"; };
		1898763026CFFCDC00713CF2 /* Base */ = {isa = PBXFileReference; lastKnownFileType = file.storyboard; name = Base; path = Base.lproj/Main.storyboard; sourceTree = "<group>"; };
		1898763226CFFCDD00713CF2 /* Assets.xcassets */ = {isa = PBXFileReference; lastKnownFileType = folder.assetcatalog; path = Assets.xcassets; sourceTree = "<group>"; };
		1898763526CFFCDD00713CF2 /* Base */ = {isa = PBXFileReference; lastKnownFileType = file.storyboard; name = Base; path = Base.lproj/LaunchScreen.storyboard; sourceTree = "<group>"; };
		1898763726CFFCDD00713CF2 /* Info.plist */ = {isa = PBXFileReference; lastKnownFileType = text.plist.xml; path = Info.plist; sourceTree = "<group>"; };
/* End PBXFileReference section */

/* Begin PBXFrameworksBuildPhase section */
		1898762326CFFCDC00713CF2 /* Frameworks */ = {
			isa = PBXFrameworksBuildPhase;
			buildActionMask = 2147483647;
			files = (
			);
			runOnlyForDeploymentPostprocessing = 0;
		};
/* End PBXFrameworksBuildPhase section */

/* Begin PBXGroup section */
		1898761D26CFFCDB00713CF2 = {
			isa = PBXGroup;
			children = (
				187197E426D6B16400A25F8E /* IMG_20210825_115908_1.jpg */,
				187197E226D6B16400A25F8E /* IMG_20210825_115910_1.jpg */,
				187197E126D6B16400A25F8E /* IMG_20210825_115916_1.jpg */,
				187197E326D6B16400A25F8E /* IMG_20210825_115919.jpg */,
				187197DE26D6B10500A25F8E /* README.md */,
				1898762826CFFCDC00713CF2 /* AR-3D-Dicee-Example-Swift-IOS */,
				1898762726CFFCDC00713CF2 /* Products */,
			);
			sourceTree = "<group>";
		};
		1898762726CFFCDC00713CF2 /* Products */ = {
			isa = PBXGroup;
			children = (
				1898762626CFFCDC00713CF2 /* AR-3D-Dicee-Example-Swift-IOS.app */,
			);
			name = Products;
			sourceTree = "<group>";
		};
		1898762826CFFCDC00713CF2 /* AR-3D-Dicee-Example-Swift-IOS */ = {
			isa = PBXGroup;
			children = (
				1898762926CFFCDC00713CF2 /* AppDelegate.swift */,
				1898762B26CFFCDC00713CF2 /* art.scnassets */,
				1898762D26CFFCDC00713CF2 /* ViewController.swift */,
				1898762F26CFFCDC00713CF2 /* Main.storyboard */,
				1898763226CFFCDD00713CF2 /* Assets.xcassets */,
				1898763426CFFCDD00713CF2 /* LaunchScreen.storyboard */,
				1898763726CFFCDD00713CF2 /* Info.plist */,
			);
			path = "AR-3D-Dicee-Example-Swift-IOS";
			sourceTree = "<group>";
		};
/* End PBXGroup section */

/* Begin PBXNativeTarget section */
		1898762526CFFCDC00713CF2 /* AR-3D-Dicee-Example-Swift-IOS */ = {
			isa = PBXNativeTarget;
			buildConfigurationList = 1898763A26CFFCDD00713CF2 /* Build configuration list for PBXNativeTarget "AR-3D-Dicee-Example-Swift-IOS" */;
			buildPhases = (
				1898762226CFFCDC00713CF2 /* Sources */,
				1898762326CFFCDC00713CF2 /* Frameworks */,
				1898762426CFFCDC00713CF2 /* Resources */,
			);
			buildRules = (
			);
			dependencies = (
			);
			name = "AR-3D-Dicee-Example-Swift-IOS";
			productName = "AR-3D-Dicee-Example-Swift-IOS";
			productReference = 1898762626CFFCDC00713CF2 /* AR-3D-Dicee-Example-Swift-IOS.app */;
			productType = "com.apple.product-type.application";
		};
/* End PBXNativeTarget section */

/* Begin PBXProject section */
		1898761E26CFFCDB00713CF2 /* Project object */ = {
			isa = PBXProject;
			attributes = {
				LastSwiftUpdateCheck = 1240;
				LastUpgradeCheck = 1240;
				TargetAttributes = {
					1898762526CFFCDC00713CF2 = {
						CreatedOnToolsVersion = 12.4;
					};
				};
			};
			buildConfigurationList = 1898762126CFFCDC00713CF2 /* Build configuration list for PBXProject "AR-3D-Dicee-Example-Swift-IOS" */;
			compatibilityVersion = "Xcode 9.3";
			developmentRegion = en;
			hasScannedForEncodings = 0;
			knownRegions = (
				en,
				Base,
			);
			mainGroup = 1898761D26CFFCDB00713CF2;
			productRefGroup = 1898762726CFFCDC00713CF2 /* Products */;
			projectDirPath = "";
			projectRoot = "";
			targets = (
				1898762526CFFCDC00713CF2 /* AR-3D-Dicee-Example-Swift-IOS */,
			);
		};
/* End PBXProject section */

/* Begin PBXResourcesBuildPhase section */
		1898762426CFFCDC00713CF2 /* Resources */ = {
			isa = PBXResourcesBuildPhase;
			buildActionMask = 2147483647;
			files = (
				187197E626D6B16400A25F8E /* IMG_20210825_115910_1.jpg in Resources */,
				1898762C26CFFCDC00713CF2 /* art.scnassets in Resources */,
				1898763626CFFCDD00713CF2 /* LaunchScreen.storyboard in Resources */,
				187197DF26D6B10500A25F8E /* README.md in Resources */,
				1898763326CFFCDD00713CF2 /* Assets.xcassets in Resources */,
				187197E826D6B16400A25F8E /* IMG_20210825_115908_1.jpg in Resources */,
				187197E526D6B16400A25F8E /* IMG_20210825_115916_1.jpg in Resources */,
				1898763126CFFCDC00713CF2 /* Main.storyboard in Resources */,
				187197E726D6B16400A25F8E /* IMG_20210825_115919.jpg in Resources */,
			);
			runOnlyForDeploymentPostprocessing = 0;
		};
/* End PBXResourcesBuildPhase section */

/* Begin PBXSourcesBuildPhase section */
		1898762226CFFCDC00713CF2 /* Sources */ = {
			isa = PBXSourcesBuildPhase;
			buildActionMask = 2147483647;
			files = (
				1898762E26CFFCDC00713CF2 /* ViewController.swift in Sources */,
				1898762A26CFFCDC00713CF2 /* AppDelegate.swift in Sources */,
			);
			runOnlyForDeploymentPostprocessing = 0;
		};
/* End PBXSourcesBuildPhase section */

/* Begin PBXVariantGroup section */
		1898762F26CFFCDC00713CF2 /* Main.storyboard */ = {
			isa = PBXVariantGroup;
			children = (
				1898763026CFFCDC00713CF2 /* Base */,
			);
			name = Main.storyboard;
			sourceTree = "<group>";
		};
		1898763426CFFCDD00713CF2 /* LaunchScreen.storyboard */ = {
			isa = PBXVariantGroup;
			children = (
				1898763526CFFCDD00713CF2 /* Base */,
			);
			name = LaunchScreen.storyboard;
			sourceTree = "<group>";
		};
/* End PBXVariantGroup section */

/* Begin XCBuildConfiguration section */
		1898763826CFFCDD00713CF2 /* Debug */ = {
			isa = XCBuildConfiguration;
			buildSettings = {
				ALWAYS_SEARCH_USER_PATHS = NO;
				CLANG_ANALYZER_NONNULL = YES;
				CLANG_ANALYZER_NUMBER_OBJECT_CONVERSION = YES_AGGRESSIVE;
				CLANG_CXX_LANGUAGE_STANDARD = "gnu++14";
				CLANG_CXX_LIBRARY = "libc++";
				CLANG_ENABLE_MODULES = YES;
				CLANG_ENABLE_OBJC_ARC = YES;
				CLANG_ENABLE_OBJC_WEAK = YES;
				CLANG_WARN_BLOCK_CAPTURE_AUTORELEASING = YES;
				CLANG_WARN_BOOL_CONVERSION = YES;
				CLANG_WARN_COMMA = YES;
				CLANG_WARN_CONSTANT_CONVERSION = YES;
				CLANG_WARN_DEPRECATED_OBJC_IMPLEMENTATIONS = YES;
				CLANG_WARN_DIRECT_OBJC_ISA_USAGE = YES_ERROR;
				CLANG_WARN_DOCUMENTATION_COMMENTS = YES;
				CLANG_WARN_EMPTY_BODY = YES;
				CLANG_WARN_ENUM_CONVERSION = YES;
				CLANG_WARN_INFINITE_RECURSION = YES;
				CLANG_WARN_INT_CONVERSION = YES;
				CLANG_WARN_NON_LITERAL_NULL_CONVERSION = YES;
				CLANG_WARN_OBJC_IMPLICIT_RETAIN_SELF = YES;
				CLANG_WARN_OBJC_LITERAL_CONVERSION = YES;
				CLANG_WARN_OBJC_ROOT_CLASS = YES_ERROR;
				CLANG_WARN_QUOTED_INCLUDE_IN_FRAMEWORK_HEADER = YES;
				CLANG_WARN_RANGE_LOOP_ANALYSIS = YES;
				CLANG_WARN_STRICT_PROTOTYPES = YES;
				CLANG_WARN_SUSPICIOUS_MOVE = YES;
				CLANG_WARN_UNGUARDED_AVAILABILITY = YES_AGGRESSIVE;
				CLANG_WARN_UNREACHABLE_CODE = YES;
				CLANG_WARN__DUPLICATE_METHOD_MATCH = YES;
				COPY_PHASE_STRIP = NO;
				DEBUG_INFORMATION_FORMAT = dwarf;
				ENABLE_STRICT_OBJC_MSGSEND = YES;
				ENABLE_TESTABILITY = YES;
				GCC_C_LANGUAGE_STANDARD = gnu11;
				GCC_DYNAMIC_NO_PIC = NO;
				GCC_NO_COMMON_BLOCKS = YES;
				GCC_OPTIMIZATION_LEVEL = 0;
				GCC_PREPROCESSOR_DEFINITIONS = (
					"DEBUG=1",
					"$(inherited)",
				);
				GCC_WARN_64_TO_32_BIT_CONVERSION = YES;
				GCC_WARN_ABOUT_RETURN_TYPE = YES_ERROR;
				GCC_WARN_UNDECLARED_SELECTOR = YES;
				GCC_WARN_UNINITIALIZED_AUTOS = YES_AGGRESSIVE;
				GCC_WARN_UNUSED_FUNCTION = YES;
				GCC_WARN_UNUSED_VARIABLE = YES;
				IPHONEOS_DEPLOYMENT_TARGET = 14.4;
				MTL_ENABLE_DEBUG_INFO = INCLUDE_SOURCE;
				MTL_FAST_MATH = YES;
				ONLY_ACTIVE_ARCH = YES;
				SDKROOT = iphoneos;
				SWIFT_ACTIVE_COMPILATION_CONDITIONS = DEBUG;
				SWIFT_OPTIMIZATION_LEVEL = "-Onone";
			};
			name = Debug;
		};
		1898763926CFFCDD00713CF2 /* Release */ = {
			isa = XCBuildConfiguration;
			buildSettings = {
				ALWAYS_SEARCH_USER_PATHS = NO;
				CLANG_ANALYZER_NONNULL = YES;
				CLANG_ANALYZER_NUMBER_OBJECT_CONVERSION = YES_AGGRESSIVE;
				CLANG_CXX_LANGUAGE_STANDARD = "gnu++14";
				CLANG_CXX_LIBRARY = "libc++";
				CLANG_ENABLE_MODULES = YES;
				CLANG_ENABLE_OBJC_ARC = YES;
				CLANG_ENABLE_OBJC_WEAK = YES;
				CLANG_WARN_BLOCK_CAPTURE_AUTORELEASING = YES;
				CLANG_WARN_BOOL_CONVERSION = YES;
				CLANG_WARN_COMMA = YES;
				CLANG_WARN_CONSTANT_CONVERSION = YES;
				CLANG_WARN_DEPRECATED_OBJC_IMPLEMENTATIONS = YES;
				CLANG_WARN_DIRECT_OBJC_ISA_USAGE = YES_ERROR;
				CLANG_WARN_DOCUMENTATION_COMMENTS = YES;
				CLANG_WARN_EMPTY_BODY = YES;
				CLANG_WARN_ENUM_CONVERSION = YES;
				CLANG_WARN_INFINITE_RECURSION = YES;
				CLANG_WARN_INT_CONVERSION = YES;
				CLANG_WARN_NON_LITERAL_NULL_CONVERSION = YES;
				CLANG_WARN_OBJC_IMPLICIT_RETAIN_SELF = YES;
				CLANG_WARN_OBJC_LITERAL_CONVERSION = YES;
				CLANG_WARN_OBJC_ROOT_CLASS = YES_ERROR;
				CLANG_WARN_QUOTED_INCLUDE_IN_FRAMEWORK_HEADER = YES;
				CLANG_WARN_RANGE_LOOP_ANALYSIS = YES;
				CLANG_WARN_STRICT_PROTOTYPES = YES;
				CLANG_WARN_SUSPICIOUS_MOVE = YES;
				CLANG_WARN_UNGUARDED_AVAILABILITY = YES_AGGRESSIVE;
				CLANG_WARN_UNREACHABLE_CODE = YES;
				CLANG_WARN__DUPLICATE_METHOD_MATCH = YES;
				COPY_PHASE_STRIP = NO;
				DEBUG_INFORMATION_FORMAT = "dwarf-with-dsym";
				ENABLE_NS_ASSERTIONS = NO;
				ENABLE_STRICT_OBJC_MSGSEND = YES;
				GCC_C_LANGUAGE_STANDARD = gnu11;
				GCC_NO_COMMON_BLOCKS = YES;
				GCC_WARN_64_TO_32_BIT_CONVERSION = YES;
				GCC_WARN_ABOUT_RETURN_TYPE = YES_ERROR;
				GCC_WARN_UNDECLARED_SELECTOR = YES;
				GCC_WARN_UNINITIALIZED_AUTOS = YES_AGGRESSIVE;
				GCC_WARN_UNUSED_FUNCTION = YES;
				GCC_WARN_UNUSED_VARIABLE = YES;
				IPHONEOS_DEPLOYMENT_TARGET = 14.4;
				MTL_ENABLE_DEBUG_INFO = NO;
				MTL_FAST_MATH = YES;
				SDKROOT = iphoneos;
				SWIFT_COMPILATION_MODE = wholemodule;
				SWIFT_OPTIMIZATION_LEVEL = "-O";
				VALIDATE_PRODUCT = YES;
			};
			name = Release;
		};
		1898763B26CFFCDD00713CF2 /* Debug */ = {
			isa = XCBuildConfiguration;
			buildSettings = {
				ASSETCATALOG_COMPILER_APPICON_NAME = AppIcon;
				ASSETCATALOG_COMPILER_GLOBAL_ACCENT_COLOR_NAME = AccentColor;
				CODE_SIGN_STYLE = Manual;
				DEVELOPMENT_TEAM = "";
				INFOPLIST_FILE = "AR-3D-Dicee-Example-Swift-IOS/Info.plist";
				IPHONEOS_DEPLOYMENT_TARGET = 12.1;
				LD_RUNPATH_SEARCH_PATHS = (
					"$(inherited)",
					"@executable_path/Frameworks",
				);
				PRODUCT_BUNDLE_IDENTIFIER = "com.example.coredataexample.AR-3D-Dicee-Example-Swift-IOS";
				PRODUCT_NAME = "$(TARGET_NAME)";
				PROVISIONING_PROFILE_SPECIFIER = "";
				SWIFT_VERSION = 5.0;
				TARGETED_DEVICE_FAMILY = "1,2";
			};
			name = Debug;
		};
		1898763C26CFFCDD00713CF2 /* Release */ = {
			isa = XCBuildConfiguration;
			buildSettings = {
				ASSETCATALOG_COMPILER_APPICON_NAME = AppIcon;
				ASSETCATALOG_COMPILER_GLOBAL_ACCENT_COLOR_NAME = AccentColor;
				CODE_SIGN_STYLE = Manual;
				DEVELOPMENT_TEAM = "";
				INFOPLIST_FILE = "AR-3D-Dicee-Example-Swift-IOS/Info.plist";
				IPHONEOS_DEPLOYMENT_TARGET = 12.1;
				LD_RUNPATH_SEARCH_PATHS = (
					"$(inherited)",
					"@executable_path/Frameworks",
				);
				PRODUCT_BUNDLE_IDENTIFIER = "com.example.coredataexample.AR-3D-Dicee-Example-Swift-IOS";
				PRODUCT_NAME = "$(TARGET_NAME)";
				PROVISIONING_PROFILE_SPECIFIER = "";
				SWIFT_VERSION = 5.0;
				TARGETED_DEVICE_FAMILY = "1,2";
			};
			name = Release;
		};
/* End XCBuildConfiguration section */

/* Begin XCConfigurationList section */
		1898762126CFFCDC00713CF2 /* Build configuration list for PBXProject "AR-3D-Dicee-Example-Swift-IOS" */ = {
			isa = XCConfigurationList;
			buildConfigurations = (
				1898763826CFFCDD00713CF2 /* Debug */,
				1898763926CFFCDD00713CF2 /* Release */,
			);
			defaultConfigurationIsVisible = 0;
			defaultConfigurationName = Release;
		};
		1898763A26CFFCDD00713CF2 /* Build configuration list for PBXNativeTarget "AR-3D-Dicee-Example-Swift-IOS" */ = {
			isa = XCConfigurationList;
			buildConfigurations = (
				1898763B26CFFCDD00713CF2 /* Debug */,
				1898763C26CFFCDD00713CF2 /* Release */,
			);
			defaultConfigurationIsVisible = 0;
			defaultConfigurationName = Release;
		};
/* End XCConfigurationList section */
	};
	rootObject = 1898761E26CFFCDB00713CF2 /* Project object */;
}
